
Microsoft Visual Studio Solution File, Format Version 12.00
# Visual Studio Version 17
VisualStudioVersion = 17.11.35327.3
MinimumVisualStudioVersion = 10.0.40219.1
Project("{FAE04EC0-301F-11D3-BF4B-00C04F79EFBC}") = "Static", "StaticStudent\Static.csproj", "{2456E197-D2E9-4E71-A02D-15249F15984E}"
EndProject
Global
	GlobalSection(SolutionConfigurationPlatforms) = preSolution
		Debug|Any CPU = Debug|Any CPU
		Release|Any CPU = Release|Any CPU
	EndGlobalSection
	GlobalSection(ProjectConfigurationPlatforms) = postSolution
		{2456E197-D2E9-4E71-A02D-15249F15984E}.Debug|Any CPU.ActiveCfg = Debug|Any CPU
		{2456E197-D2E9-4E71-A02D-15249F15984E}.Debug|Any CPU.Build.0 = Debug|Any CPU
		{2456E197-D2E9-4E71-A02D-15249F15984E}.Release|Any CPU.ActiveCfg = Release|Any CPU
		{2456E197-D2E9-4E71-A02D-15249F15984E}.Release|Any CPU.Build.0 = Release|Any CPU
	EndGlobalSection
	GlobalSection(SolutionProperties) = preSolution
		HideSolutionNode = FALSE
	EndGlobalSection
	GlobalSection(ExtensibilityGlobals) = postSolution
		SolutionGuid = {558C0A7F-6F07-498E-8E01-EFFB5724C6BA}
	EndGlobalSection
EndGlobal
